
Microsoft Visual Studio Solution File, Format Version 12.00
# Visual Studio Version 17
VisualStudioVersion = 17.0.31903.59
MinimumVisualStudioVersion = 10.0.40219.1
Project("{FAE04EC0-301F-11D3-BF4B-00C04F79EFBC}") = "Api", "Api\Api.csproj", "{70DC45E6-8D69-4900-A667-31A0C5313C02}"
EndProject
Project("{FAE04EC0-301F-11D3-BF4B-00C04F79EFBC}") = "Application", "Application\Application.csproj", "{46F095E6-C350-4C48-8B67-60C3740979B7}"
EndProject
Project("{FAE04EC0-301F-11D3-BF4B-00C04F79EFBC}") = "Domain", "Domain\Domain.csproj", "{11E5C5EA-6B98-4922-8CBB-415A4C691154}"
EndProject
Project("{FAE04EC0-301F-11D3-BF4B-00C04F79EFBC}") = "Infrastructure", "Infrastructure\Infrastructure.csproj", "{E38CB458-1A37-4B45-B340-6945B1F14714}"
EndProject
Project("{FAE04EC0-301F-11D3-BF4B-00C04F79EFBC}") = "Shared", "Shared\Shared.csproj", "{77D161FB-A8BD-493A-9877-71CD6671EC63}"
EndProject
Global
	GlobalSection(SolutionConfigurationPlatforms) = preSolution
		Debug|Any CPU = Debug|Any CPU
		Release|Any CPU = Release|Any CPU
	EndGlobalSection
	GlobalSection(SolutionProperties) = preSolution
		HideSolutionNode = FALSE
	EndGlobalSection
	GlobalSection(ProjectConfigurationPlatforms) = postSolution
		{70DC45E6-8D69-4900-A667-31A0C5313C02}.Debug|Any CPU.ActiveCfg = Debug|Any CPU
		{70DC45E6-8D69-4900-A667-31A0C5313C02}.Debug|Any CPU.Build.0 = Debug|Any CPU
		{70DC45E6-8D69-4900-A667-31A0C5313C02}.Release|Any CPU.ActiveCfg = Release|Any CPU
		{70DC45E6-8D69-4900-A667-31A0C5313C02}.Release|Any CPU.Build.0 = Release|Any CPU
		{46F095E6-C350-4C48-8B67-60C3740979B7}.Debug|Any CPU.ActiveCfg = Debug|Any CPU
		{46F095E6-C350-4C48-8B67-60C3740979B7}.Debug|Any CPU.Build.0 = Debug|Any CPU
		{46F095E6-C350-4C48-8B67-60C3740979B7}.Release|Any CPU.ActiveCfg = Release|Any CPU
		{46F095E6-C350-4C48-8B67-60C3740979B7}.Release|Any CPU.Build.0 = Release|Any CPU
		{11E5C5EA-6B98-4922-8CBB-415A4C691154}.Debug|Any CPU.ActiveCfg = Debug|Any CPU
		{11E5C5EA-6B98-4922-8CBB-415A4C691154}.Debug|Any CPU.Build.0 = Debug|Any CPU
		{11E5C5EA-6B98-4922-8CBB-415A4C691154}.Release|Any CPU.ActiveCfg = Release|Any CPU
		{11E5C5EA-6B98-4922-8CBB-415A4C691154}.Release|Any CPU.Build.0 = Release|Any CPU
		{E38CB458-1A37-4B45-B340-6945B1F14714}.Debug|Any CPU.ActiveCfg = Debug|Any CPU
		{E38CB458-1A37-4B45-B340-6945B1F14714}.Debug|Any CPU.Build.0 = Debug|Any CPU
		{E38CB458-1A37-4B45-B340-6945B1F14714}.Release|Any CPU.ActiveCfg = Release|Any CPU
		{E38CB458-1A37-4B45-B340-6945B1F14714}.Release|Any CPU.Build.0 = Release|Any CPU
		{77D161FB-A8BD-493A-9877-71CD6671EC63}.Debug|Any CPU.ActiveCfg = Debug|Any CPU
		{77D161FB-A8BD-493A-9877-71CD6671EC63}.Debug|Any CPU.Build.0 = Debug|Any CPU
		{77D161FB-A8BD-493A-9877-71CD6671EC63}.Release|Any CPU.ActiveCfg = Release|Any CPU
		{77D161FB-A8BD-493A-9877-71CD6671EC63}.Release|Any CPU.Build.0 = Release|Any CPU
	EndGlobalSection
EndGlobal
